
Microsoft Visual Studio Solution File, Format Version 12.00
# Visual Studio Version 16
VisualStudioVersion = 16.0.29728.190
MinimumVisualStudioVersion = 10.0.40219.1
Project("{FAE04EC0-301F-11D3-BF4B-00C04F79EFBC}") = "Asgn1", "Asgn1\Asgn1.csproj", "{3263C62E-596F-4447-9AEC-6BC36A6449A8}"
EndProject
Global
	GlobalSection(SolutionConfigurationPlatforms) = preSolution
		Debug|Any CPU = Debug|Any CPU
		Release|Any CPU = Release|Any CPU
	EndGlobalSection
	GlobalSection(ProjectConfigurationPlatforms) = postSolution
		{3263C62E-596F-4447-9AEC-6BC36A6449A8}.Debug|Any CPU.ActiveCfg = Debug|Any CPU
		{3263C62E-596F-4447-9AEC-6BC36A6449A8}.Debug|Any CPU.Build.0 = Debug|Any CPU
		{3263C62E-596F-4447-9AEC-6BC36A6449A8}.Release|Any CPU.ActiveCfg = Release|Any CPU
		{3263C62E-596F-4447-9AEC-6BC36A6449A8}.Release|Any CPU.Build.0 = Release|Any CPU
	EndGlobalSection
	GlobalSection(SolutionProperties) = preSolution
		HideSolutionNode = FALSE
	EndGlobalSection
	GlobalSection(ExtensibilityGlobals) = postSolution
		SolutionGuid = {E6D54B2A-7994-489D-8717-C4FB6AADCF1A}
	EndGlobalSection
EndGlobal
